
Microsoft Visual Studio Solution File, Format Version 12.00
# Visual Studio Version 16
VisualStudioVersion = 16.0.30717.126
MinimumVisualStudioVersion = 10.0.40219.1
Project("{FAE04EC0-301F-11D3-BF4B-00C04F79EFBC}") = "BlazorUI", "BlazorUI\BlazorUI.csproj", "{744EA5A9-D0ED-47C1-A8C3-8CFA48D4689C}"
EndProject
Project("{FAE04EC0-301F-11D3-BF4B-00C04F79EFBC}") = "EMPhysicsClassLibrary", "EMPhysicsClassLibrary\EMPhysicsClassLibrary.csproj", "{4B786E5B-C87B-4444-8D53-8C8B46E68A14}"
EndProject
Global
	GlobalSection(SolutionConfigurationPlatforms) = preSolution
		Debug|Any CPU = Debug|Any CPU
		Release|Any CPU = Release|Any CPU
	EndGlobalSection
	GlobalSection(ProjectConfigurationPlatforms) = postSolution
		{744EA5A9-D0ED-47C1-A8C3-8CFA48D4689C}.Debug|Any CPU.ActiveCfg = Debug|Any CPU
		{744EA5A9-D0ED-47C1-A8C3-8CFA48D4689C}.Debug|Any CPU.Build.0 = Debug|Any CPU
		{744EA5A9-D0ED-47C1-A8C3-8CFA48D4689C}.Release|Any CPU.ActiveCfg = Release|Any CPU
		{744EA5A9-D0ED-47C1-A8C3-8CFA48D4689C}.Release|Any CPU.Build.0 = Release|Any CPU
		{4B786E5B-C87B-4444-8D53-8C8B46E68A14}.Debug|Any CPU.ActiveCfg = Debug|Any CPU
		{4B786E5B-C87B-4444-8D53-8C8B46E68A14}.Debug|Any CPU.Build.0 = Debug|Any CPU
		{4B786E5B-C87B-4444-8D53-8C8B46E68A14}.Release|Any CPU.ActiveCfg = Release|Any CPU
		{4B786E5B-C87B-4444-8D53-8C8B46E68A14}.Release|Any CPU.Build.0 = Release|Any CPU
	EndGlobalSection
	GlobalSection(SolutionProperties) = preSolution
		HideSolutionNode = FALSE
	EndGlobalSection
	GlobalSection(ExtensibilityGlobals) = postSolution
		SolutionGuid = {C3524361-3383-4CE1-B8D0-DB2A0559CDC2}
	EndGlobalSection
EndGlobal
